hash: 9289255b6eb5e81b946acc32ef4fa1787622b1f8d0d067d9de5010e353f26455
updated: 2017-08-01T15:59:58.620376918+01:00
imports:
- name: github.com/davecgh/go-spew
  version: adab96458c51a58dc1783b3335dcce5461522e75
  subpackages:
  - spew
- name: github.com/stretchr/testify
  version: 05e8a0eda380579888eb53c394909df027f06991
- name: github.com/temoto/robotstxt
  version: 9e4646fa705336d5b2fa9dddfafbe0a1a965acd7
- name: github.com/thingful/httpmock
  version: ad20707d669ac1ecad9d2028b8f858832937fc82
- name: github.com/thingful/thingfulx
  version: cc3c9e6c5dbcd22c25ab9389a070248437b5455d
  subpackages:
  - schema
- name: golang.org/x/net
  version: f5079bd7f6f74e23c4d65efa0f4ce14cbd6a3c0f
  subpackages:
  - context
testImports: []
